
Microsoft Visual Studio Solution File, Format Version 12.00
# Visual Studio 15
Project("{FAE04EC0-301F-11D3-BF4B-00C04F79EFBC}") = "SimpleInput.Runtime", "SimpleInput.Runtime.csproj", "{E459D549-0BD6-BA33-572A-41850AD6A8D3}"
EndProject
Project("{FAE04EC0-301F-11D3-BF4B-00C04F79EFBC}") = "Assembly-CSharp-firstpass", "Assembly-CSharp-firstpass.csproj", "{34B8BD9F-D447-6D96-8976-21C054FF9BC9}"
EndProject
Project("{FAE04EC0-301F-11D3-BF4B-00C04F79EFBC}") = "Assembly-CSharp", "Assembly-CSharp.csproj", "{DFB681F7-1249-C879-3C65-5AF1C82261AE}"
EndProject
Project("{FAE04EC0-301F-11D3-BF4B-00C04F79EFBC}") = "SimpleInput.Editor", "SimpleInput.Editor.csproj", "{781DA7A7-4A30-B4C6-1869-2B3B2AED63AE}"
EndProject
Project("{FAE04EC0-301F-11D3-BF4B-00C04F79EFBC}") = "Assembly-CSharp-Editor-firstpass", "Assembly-CSharp-Editor-firstpass.csproj", "{20B175E9-1D1C-C14E-1372-E41679F01E2C}"
EndProject
Global
	GlobalSection(SolutionConfigurationPlatforms) = preSolution
		Debug|Any CPU = Debug|Any CPU
		Release|Any CPU = Release|Any CPU
	EndGlobalSection
	GlobalSection(ProjectConfigurationPlatforms) = postSolution
		{E459D549-0BD6-BA33-572A-41850AD6A8D3}.Debug|Any CPU.ActiveCfg = Debug|Any CPU
		{E459D549-0BD6-BA33-572A-41850AD6A8D3}.Debug|Any CPU.Build.0 = Debug|Any CPU
		{E459D549-0BD6-BA33-572A-41850AD6A8D3}.Release|Any CPU.ActiveCfg = Release|Any CPU
		{E459D549-0BD6-BA33-572A-41850AD6A8D3}.Release|Any CPU.Build.0 = Release|Any CPU
		{34B8BD9F-D447-6D96-8976-21C054FF9BC9}.Debug|Any CPU.ActiveCfg = Debug|Any CPU
		{34B8BD9F-D447-6D96-8976-21C054FF9BC9}.Debug|Any CPU.Build.0 = Debug|Any CPU
		{34B8BD9F-D447-6D96-8976-21C054FF9BC9}.Release|Any CPU.ActiveCfg = Release|Any CPU
		{34B8BD9F-D447-6D96-8976-21C054FF9BC9}.Release|Any CPU.Build.0 = Release|Any CPU
		{DFB681F7-1249-C879-3C65-5AF1C82261AE}.Debug|Any CPU.ActiveCfg = Debug|Any CPU
		{DFB681F7-1249-C879-3C65-5AF1C82261AE}.Debug|Any CPU.Build.0 = Debug|Any CPU
		{DFB681F7-1249-C879-3C65-5AF1C82261AE}.Release|Any CPU.ActiveCfg = Release|Any CPU
		{DFB681F7-1249-C879-3C65-5AF1C82261AE}.Release|Any CPU.Build.0 = Release|Any CPU
		{781DA7A7-4A30-B4C6-1869-2B3B2AED63AE}.Debug|Any CPU.ActiveCfg = Debug|Any CPU
		{781DA7A7-4A30-B4C6-1869-2B3B2AED63AE}.Debug|Any CPU.Build.0 = Debug|Any CPU
		{781DA7A7-4A30-B4C6-1869-2B3B2AED63AE}.Release|Any CPU.ActiveCfg = Release|Any CPU
		{781DA7A7-4A30-B4C6-1869-2B3B2AED63AE}.Release|Any CPU.Build.0 = Release|Any CPU
		{20B175E9-1D1C-C14E-1372-E41679F01E2C}.Debug|Any CPU.ActiveCfg = Debug|Any CPU
		{20B175E9-1D1C-C14E-1372-E41679F01E2C}.Debug|Any CPU.Build.0 = Debug|Any CPU
		{20B175E9-1D1C-C14E-1372-E41679F01E2C}.Release|Any CPU.ActiveCfg = Release|Any CPU
		{20B175E9-1D1C-C14E-1372-E41679F01E2C}.Release|Any CPU.Build.0 = Release|Any CPU
	EndGlobalSection
	GlobalSection(SolutionProperties) = preSolution
		HideSolutionNode = FALSE
	EndGlobalSection
EndGlobal
